// !$*UTF8*$!
{
	archiveVersion = 1;
	classes = {
	};
	objectVersion = 56;
	objects = {

/* Begin PBXBuildFile section */
		401A850D2BF860A0007139D8 /* AppDelegate.swift in Sources */ = {isa = PBXBuildFile; fileRef = 401A850C2BF860A0007139D8 /* AppDelegate.swift */; };
		401A850F2BF860A0007139D8 /* SceneDelegate.swift in Sources */ = {isa = PBXBuildFile; fileRef = 401A850E2BF860A0007139D8 /* SceneDelegate.swift */; };
		401A85112BF860A0007139D8 /* ViewController.swift in Sources */ = {isa = PBXBuildFile; fileRef = 401A85102BF860A0007139D8 /* ViewController.swift */; };
		401A85142BF860A0007139D8 /* Base in Resources */ = {isa = PBXBuildFile; fileRef = 401A85132BF860A0007139D8 /* Base */; };
		401A85172BF860A0007139D8 /* WhatFlowerScannerMk3.xcdatamodeld in Sources */ = {isa = PBXBuildFile; fileRef = 401A85152BF860A0007139D8 /* WhatFlowerScannerMk3.xcdatamodeld */; };
		401A85192BF860A5007139D8 /* Assets.xcassets in Resources */ = {isa = PBXBuildFile; fileRef = 401A85182BF860A5007139D8 /* Assets.xcassets */; };
		401A851C2BF860A5007139D8 /* Base in Resources */ = {isa = PBXBuildFile; fileRef = 401A851B2BF860A5007139D8 /* Base */; };
		401A85272BF860A6007139D8 /* WhatFlowerScannerMk3Tests.swift in Sources */ = {isa = PBXBuildFile; fileRef = 401A85262BF860A6007139D8 /* WhatFlowerScannerMk3Tests.swift */; };
		401A85312BF860A6007139D8 /* WhatFlowerScannerMk3UITests.swift in Sources */ = {isa = PBXBuildFile; fileRef = 401A85302BF860A6007139D8 /* WhatFlowerScannerMk3UITests.swift */; };
		401A85332BF860A6007139D8 /* WhatFlowerScannerMk3UITestsLaunchTests.swift in Sources */ = {isa = PBXBuildFile; fileRef = 401A85322BF860A6007139D8 /* WhatFlowerScannerMk3UITestsLaunchTests.swift */; };
		407ECC232BF8754A00A2588E /* FlowerClassifier.mlmodel in Sources */ = {isa = PBXBuildFile; fileRef = 407ECC222BF8754A00A2588E /* FlowerClassifier.mlmodel */; };
/* End PBXBuildFile section */

/* Begin PBXContainerItemProxy section */
		401A85232BF860A6007139D8 /* PBXContainerItemProxy */ = {
			isa = PBXContainerItemProxy;
			containerPortal = 401A85012BF8609F007139D8 /* Project object */;
			proxyType = 1;
			remoteGlobalIDString = 401A85082BF860A0007139D8;
			remoteInfo = WhatFlowerScannerMk3;
		};
		401A852D2BF860A6007139D8 /* PBXContainerItemProxy */ = {
			isa = PBXContainerItemProxy;
			containerPortal = 401A85012BF8609F007139D8 /* Project object */;
			proxyType = 1;
			remoteGlobalIDString = 401A85082BF860A0007139D8;
			remoteInfo = WhatFlowerScannerMk3;
		};
/* End PBXContainerItemProxy section */

/* Begin PBXFileReference section */
		401A85092BF860A0007139D8 /* WhatFlowerScannerMk3.app */ = {isa = PBXFileReference; explicitFileType = wrapper.application; includeInIndex = 0; path = WhatFlowerScannerMk3.app; sourceTree = BUILT_PRODUCTS_DIR; };
		401A850C2BF860A0007139D8 /* AppDelegate.swift */ = {isa = PBXFileReference; lastKnownFileType = sourcecode.swift; path = AppDelegate.swift; sourceTree = "<group>"; };
		401A850E2BF860A0007139D8 /* SceneDelegate.swift */ = {isa = PBXFileReference; lastKnownFileType = sourcecode.swift; path = SceneDelegate.swift; sourceTree = "<group>"; };
		401A85102BF860A0007139D8 /* ViewController.swift */ = {isa = PBXFileReference; lastKnownFileType = sourcecode.swift; path = ViewController.swift; sourceTree = "<group>"; };
		401A85132BF860A0007139D8 /* Base */ = {isa = PBXFileReference; lastKnownFileType = file.storyboard; name = Base; path = Base.lproj/Main.storyboard; sourceTree = "<group>"; };
		401A85162BF860A0007139D8 /* WhatFlowerScannerMk3.xcdatamodel */ = {isa = PBXFileReference; lastKnownFileType = wrapper.xcdatamodel; path = WhatFlowerScannerMk3.xcdatamodel; sourceTree = "<group>"; };
		401A85182BF860A5007139D8 /* Assets.xcassets */ = {isa = PBXFileReference; lastKnownFileType = folder.assetcatalog; path = Assets.xcassets; sourceTree = "<group>"; };
		401A851B2BF860A5007139D8 /* Base */ = {isa = PBXFileReference; lastKnownFileType = file.storyboard; name = Base; path = Base.lproj/LaunchScreen.storyboard; sourceTree = "<group>"; };
		401A851D2BF860A5007139D8 /* Info.plist */ = {isa = PBXFileReference; lastKnownFileType = text.plist.xml; path = Info.plist; sourceTree = "<group>"; };
		401A85222BF860A6007139D8 /* WhatFlowerScannerMk3Tests.xctest */ = {isa = PBXFileReference; explicitFileType = wrapper.cfbundle; includeInIndex = 0; path = WhatFlowerScannerMk3Tests.xctest; sourceTree = BUILT_PRODUCTS_DIR; };
		401A85262BF860A6007139D8 /* WhatFlowerScannerMk3Tests.swift */ = {isa = PBXFileReference; lastKnownFileType = sourcecode.swift; path = WhatFlowerScannerMk3Tests.swift; sourceTree = "<group>"; };
		401A852C2BF860A6007139D8 /* WhatFlowerScannerMk3UITests.xctest */ = {isa = PBXFileReference; explicitFileType = wrapper.cfbundle; includeInIndex = 0; path = WhatFlowerScannerMk3UITests.xctest; sourceTree = BUILT_PRODUCTS_DIR; };
		401A85302BF860A6007139D8 /* WhatFlowerScannerMk3UITests.swift */ = {isa = PBXFileReference; lastKnownFileType = sourcecode.swift; path = WhatFlowerScannerMk3UITests.swift; sourceTree = "<group>"; };
		401A85322BF860A6007139D8 /* WhatFlowerScannerMk3UITestsLaunchTests.swift */ = {isa = PBXFileReference; lastKnownFileType = sourcecode.swift; path = WhatFlowerScannerMk3UITestsLaunchTests.swift; sourceTree = "<group>"; };
		407ECC222BF8754A00A2588E /* FlowerClassifier.mlmodel */ = {isa = PBXFileReference; lastKnownFileType = file.mlmodel; path = FlowerClassifier.mlmodel; sourceTree = "<group>"; };
/* End PBXFileReference section */

/* Begin PBXFrameworksBuildPhase section */
		401A85062BF860A0007139D8 /* Frameworks */ = {
			isa = PBXFrameworksBuildPhase;
			buildActionMask = 2147483647;
			files = (
			);
			runOnlyForDeploymentPostprocessing = 0;
		};
		401A851F2BF860A6007139D8 /* Frameworks */ = {
			isa = PBXFrameworksBuildPhase;
			buildActionMask = 2147483647;
			files = (
			);
			runOnlyForDeploymentPostprocessing = 0;
		};
		401A85292BF860A6007139D8 /* Frameworks */ = {
			isa = PBXFrameworksBuildPhase;
			buildActionMask = 2147483647;
			files = (
			);
			runOnlyForDeploymentPostprocessing = 0;
		};
/* End PBXFrameworksBuildPhase section */

/* Begin PBXGroup section */
		401A85002BF8609F007139D8 = {
			isa = PBXGroup;
			children = (
				401A850B2BF860A0007139D8 /* WhatFlowerScannerMk3 */,
				401A85252BF860A6007139D8 /* WhatFlowerScannerMk3Tests */,
				401A852F2BF860A6007139D8 /* WhatFlowerScannerMk3UITests */,
				401A850A2BF860A0007139D8 /* Products */,
			);
			sourceTree = "<group>";
		};
		401A850A2BF860A0007139D8 /* Products */ = {
			isa = PBXGroup;
			children = (
				401A85092BF860A0007139D8 /* WhatFlowerScannerMk3.app */,
				401A85222BF860A6007139D8 /* WhatFlowerScannerMk3Tests.xctest */,
				401A852C2BF860A6007139D8 /* WhatFlowerScannerMk3UITests.xctest */,
			);
			name = Products;
			sourceTree = "<group>";
		};
		401A850B2BF860A0007139D8 /* WhatFlowerScannerMk3 */ = {
			isa = PBXGroup;
			children = (
				401A850C2BF860A0007139D8 /* AppDelegate.swift */,
				401A850E2BF860A0007139D8 /* SceneDelegate.swift */,
				401A85102BF860A0007139D8 /* ViewController.swift */,
				401A85122BF860A0007139D8 /* Main.storyboard */,
				401A85182BF860A5007139D8 /* Assets.xcassets */,
				401A851A2BF860A5007139D8 /* LaunchScreen.storyboard */,
				401A851D2BF860A5007139D8 /* Info.plist */,
				407ECC222BF8754A00A2588E /* FlowerClassifier.mlmodel */,
				401A85152BF860A0007139D8 /* WhatFlowerScannerMk3.xcdatamodeld */,
			);
			path = WhatFlowerScannerMk3;
			sourceTree = "<group>";
		};
		401A85252BF860A6007139D8 /* WhatFlowerScannerMk3Tests */ = {
			isa = PBXGroup;
			children = (
				401A85262BF860A6007139D8 /* WhatFlowerScannerMk3Tests.swift */,
			);
			path = WhatFlowerScannerMk3Tests;
			sourceTree = "<group>";
		};
		401A852F2BF860A6007139D8 /* WhatFlowerScannerMk3UITests */ = {
			isa = PBXGroup;
			children = (
				401A85302BF860A6007139D8 /* WhatFlowerScannerMk3UITests.swift */,
				401A85322BF860A6007139D8 /* WhatFlowerScannerMk3UITestsLaunchTests.swift */,
			);
			path = WhatFlowerScannerMk3UITests;
			sourceTree = "<group>";
		};
/* End PBXGroup section */

/* Begin PBXNativeTarget section */
		401A85082BF860A0007139D8 /* WhatFlowerScannerMk3 */ = {
			isa = PBXNativeTarget;
			buildConfigurationList = 401A85362BF860A6007139D8 /* Build configuration list for PBXNativeTarget "WhatFlowerScannerMk3" */;
			buildPhases = (
				401A85052BF860A0007139D8 /* Sources */,
				401A85062BF860A0007139D8 /* Frameworks */,
				401A85072BF860A0007139D8 /* Resources */,
			);
			buildRules = (
			);
			dependencies = (
			);
			name = WhatFlowerScannerMk3;
			productName = WhatFlowerScannerMk3;
			productReference = 401A85092BF860A0007139D8 /* WhatFlowerScannerMk3.app */;
			productType = "com.apple.product-type.application";
		};
		401A85212BF860A6007139D8 /* WhatFlowerScannerMk3Tests */ = {
			isa = PBXNativeTarget;
			buildConfigurationList = 401A85392BF860A6007139D8 /* Build configuration list for PBXNativeTarget "WhatFlowerScannerMk3Tests" */;
			buildPhases = (
				401A851E2BF860A6007139D8 /* Sources */,
				401A851F2BF860A6007139D8 /* Frameworks */,
				401A85202BF860A6007139D8 /* Resources */,
			);
			buildRules = (
			);
			dependencies = (
				401A85242BF860A6007139D8 /* PBXTargetDependency */,
			);
			name = WhatFlowerScannerMk3Tests;
			productName = WhatFlowerScannerMk3Tests;
			productReference = 401A85222BF860A6007139D8 /* WhatFlowerScannerMk3Tests.xctest */;
			productType = "com.apple.product-type.bundle.unit-test";
		};
		401A852B2BF860A6007139D8 /* WhatFlowerScannerMk3UITests */ = {
			isa = PBXNativeTarget;
			buildConfigurationList = 401A853C2BF860A6007139D8 /* Build configuration list for PBXNativeTarget "WhatFlowerScannerMk3UITests" */;
			buildPhases = (
				401A85282BF860A6007139D8 /* Sources */,
				401A85292BF860A6007139D8 /* Frameworks */,
				401A852A2BF860A6007139D8 /* Resources */,
			);
			buildRules = (
			);
			dependencies = (
				401A852E2BF860A6007139D8 /* PBXTargetDependency */,
			);
			name = WhatFlowerScannerMk3UITests;
			productName = WhatFlowerScannerMk3UITests;
			productReference = 401A852C2BF860A6007139D8 /* WhatFlowerScannerMk3UITests.xctest */;
			productType = "com.apple.product-type.bundle.ui-testing";
		};
/* End PBXNativeTarget section */

/* Begin PBXProject section */
		401A85012BF8609F007139D8 /* Project object */ = {
			isa = PBXProject;
			attributes = {
				BuildIndependentTargetsInParallel = 1;
				LastSwiftUpdateCheck = 1530;
				LastUpgradeCheck = 1530;
				TargetAttributes = {
					401A85082BF860A0007139D8 = {
						CreatedOnToolsVersion = 15.3;
					};
					401A85212BF860A6007139D8 = {
						CreatedOnToolsVersion = 15.3;
						TestTargetID = 401A85082BF860A0007139D8;
					};
					401A852B2BF860A6007139D8 = {
						CreatedOnToolsVersion = 15.3;
						TestTargetID = 401A85082BF860A0007139D8;
					};
				};
			};
			buildConfigurationList = 401A85042BF8609F007139D8 /* Build configuration list for PBXProject "WhatFlowerScannerMk3" */;
			compatibilityVersion = "Xcode 14.0";
			developmentRegion = en;
			hasScannedForEncodings = 0;
			knownRegions = (
				en,
				Base,
			);
			mainGroup = 401A85002BF8609F007139D8;
			productRefGroup = 401A850A2BF860A0007139D8 /* Products */;
			projectDirPath = "";
			projectRoot = "";
			targets = (
				401A85082BF860A0007139D8 /* WhatFlowerScannerMk3 */,
				401A85212BF860A6007139D8 /* WhatFlowerScannerMk3Tests */,
				401A852B2BF860A6007139D8 /* WhatFlowerScannerMk3UITests */,
			);
		};
/* End PBXProject section */

/* Begin PBXResourcesBuildPhase section */
		401A85072BF860A0007139D8 /* Resources */ = {
			isa = PBXResourcesBuildPhase;
			buildActionMask = 2147483647;
			files = (
				401A85192BF860A5007139D8 /* Assets.xcassets in Resources */,
				401A851C2BF860A5007139D8 /* Base in Resources */,
				401A85142BF860A0007139D8 /* Base in Resources */,
			);
			runOnlyForDeploymentPostprocessing = 0;
		};
		401A85202BF860A6007139D8 /* Resources */ = {
			isa = PBXResourcesBuildPhase;
			buildActionMask = 2147483647;
			files = (
			);
			runOnlyForDeploymentPostprocessing = 0;
		};
		401A852A2BF860A6007139D8 /* Resources */ = {
			isa = PBXResourcesBuildPhase;
			buildActionMask = 2147483647;
			files = (
			);
			runOnlyForDeploymentPostprocessing = 0;
		};
/* End PBXResourcesBuildPhase section */

/* Begin PBXSourcesBuildPhase section */
		401A85052BF860A0007139D8 /* Sources */ = {
			isa = PBXSourcesBuildPhase;
			buildActionMask = 2147483647;
			files = (
				401A85112BF860A0007139D8 /* ViewController.swift in Sources */,
				401A850D2BF860A0007139D8 /* AppDelegate.swift in Sources */,
				401A850F2BF860A0007139D8 /* SceneDelegate.swift in Sources */,
				407ECC232BF8754A00A2588E /* FlowerClassifier.mlmodel in Sources */,
				401A85172BF860A0007139D8 /* WhatFlowerScannerMk3.xcdatamodeld in Sources */,
			);
			runOnlyForDeploymentPostprocessing = 0;
		};
		401A851E2BF860A6007139D8 /* Sources */ = {
			isa = PBXSourcesBuildPhase;
			buildActionMask = 2147483647;
			files = (
				401A85272BF860A6007139D8 /* WhatFlowerScannerMk3Tests.swift in Sources */,
			);
			runOnlyForDeploymentPostprocessing = 0;
		};
		401A85282BF860A6007139D8 /* Sources */ = {
			isa = PBXSourcesBuildPhase;
			buildActionMask = 2147483647;
			files = (
				401A85332BF860A6007139D8 /* WhatFlowerScannerMk3UITestsLaunchTests.swift in Sources */,
				401A85312BF860A6007139D8 /* WhatFlowerScannerMk3UITests.swift in Sources */,
			);
			runOnlyForDeploymentPostprocessing = 0;
		};
/* End PBXSourcesBuildPhase section */

/* Begin PBXTargetDependency section */
		401A85242BF860A6007139D8 /* PBXTargetDependency */ = {
			isa = PBXTargetDependency;
			target = 401A85082BF860A0007139D8 /* WhatFlowerScannerMk3 */;
			targetProxy = 401A85232BF860A6007139D8 /* PBXContainerItemProxy */;
		};
		401A852E2BF860A6007139D8 /* PBXTargetDependency */ = {
			isa = PBXTargetDependency;
			target = 401A85082BF860A0007139D8 /* WhatFlowerScannerMk3 */;
			targetProxy = 401A852D2BF860A6007139D8 /* PBXContainerItemProxy */;
		};
/* End PBXTargetDependency section */

/* Begin PBXVariantGroup section */
		401A85122BF860A0007139D8 /* Main.storyboard */ = {
			isa = PBXVariantGroup;
			children = (
				401A85132BF860A0007139D8 /* Base */,
			);
			name = Main.storyboard;
			sourceTree = "<group>";
		};
		401A851A2BF860A5007139D8 /* LaunchScreen.storyboard */ = {
			isa = PBXVariantGroup;
			children = (
				401A851B2BF860A5007139D8 /* Base */,
			);
			name = LaunchScreen.storyboard;
			sourceTree = "<group>";
		};
/* End PBXVariantGroup section */

/* Begin XCBuildConfiguration section */
		401A85342BF860A6007139D8 /* Debug */ = {
			isa = XCBuildConfiguration;
			buildSettings = {
				ALWAYS_SEARCH_USER_PATHS = NO;
				ASSETCATALOG_COMPILER_GENERATE_SWIFT_ASSET_SYMBOL_EXTENSIONS = YES;
				CLANG_ANALYZER_NONNULL = YES;
				CLANG_ANALYZER_NUMBER_OBJECT_CONVERSION = YES_AGGRESSIVE;
				CLANG_CXX_LANGUAGE_STANDARD = "gnu++20";
				CLANG_ENABLE_MODULES = YES;
				CLANG_ENABLE_OBJC_ARC = YES;
				CLANG_ENABLE_OBJC_WEAK = YES;
				CLANG_WARN_BLOCK_CAPTURE_AUTORELEASING = YES;
				CLANG_WARN_BOOL_CONVERSION = YES;
				CLANG_WARN_COMMA = YES;
				CLANG_WARN_CONSTANT_CONVERSION = YES;
				CLANG_WARN_DEPRECATED_OBJC_IMPLEMENTATIONS = YES;
				CLANG_WARN_DIRECT_OBJC_ISA_USAGE = YES_ERROR;
				CLANG_WARN_DOCUMENTATION_COMMENTS = YES;
				CLANG_WARN_EMPTY_BODY = YES;
				CLANG_WARN_ENUM_CONVERSION = YES;
				CLANG_WARN_INFINITE_RECURSION = YES;
				CLANG_WARN_INT_CONVERSION = YES;
				CLANG_WARN_NON_LITERAL_NULL_CONVERSION = YES;
				CLANG_WARN_OBJC_IMPLICIT_RETAIN_SELF = YES;
				CLANG_WARN_OBJC_LITERAL_CONVERSION = YES;
				CLANG_WARN_OBJC_ROOT_CLASS = YES_ERROR;
				CLANG_WARN_QUOTED_INCLUDE_IN_FRAMEWORK_HEADER = YES;
				CLANG_WARN_RANGE_LOOP_ANALYSIS = YES;
				CLANG_WARN_STRICT_PROTOTYPES = YES;
				CLANG_WARN_SUSPICIOUS_MOVE = YES;
				CLANG_WARN_UNGUARDED_AVAILABILITY = YES_AGGRESSIVE;
				CLANG_WARN_UNREACHABLE_CODE = YES;
				CLANG_WARN__DUPLICATE_METHOD_MATCH = YES;
				COPY_PHASE_STRIP = NO;
				DEBUG_INFORMATION_FORMAT = dwarf;
				ENABLE_STRICT_OBJC_MSGSEND = YES;
				ENABLE_TESTABILITY = YES;
				ENABLE_USER_SCRIPT_SANDBOXING = YES;
				GCC_C_LANGUAGE_STANDARD = gnu17;
				GCC_DYNAMIC_NO_PIC = NO;
				GCC_NO_COMMON_BLOCKS = YES;
				GCC_OPTIMIZATION_LEVEL = 0;
				GCC_PREPROCESSOR_DEFINITIONS = (
					"DEBUG=1",
					"$(inherited)",
				);
				GCC_WARN_64_TO_32_BIT_CONVERSION = YES;
				GCC_WARN_ABOUT_RETURN_TYPE = YES_ERROR;
				GCC_WARN_UNDECLARED_SELECTOR = YES;
				GCC_WARN_UNINITIALIZED_AUTOS = YES_AGGRESSIVE;
				GCC_WARN_UNUSED_FUNCTION = YES;
				GCC_WARN_UNUSED_VARIABLE = YES;
				IPHONEOS_DEPLOYMENT_TARGET = 17.4;
				LOCALIZATION_PREFERS_STRING_CATALOGS = YES;
				MTL_ENABLE_DEBUG_INFO = INCLUDE_SOURCE;
				MTL_FAST_MATH = YES;
				ONLY_ACTIVE_ARCH = YES;
				SDKROOT = iphoneos;
				SWIFT_ACTIVE_COMPILATION_CONDITIONS = "DEBUG $(inherited)";
				SWIFT_OPTIMIZATION_LEVEL = "-Onone";
			};
			name = Debug;
		};
		401A85352BF860A6007139D8 /* Release */ = {
			isa = XCBuildConfiguration;
			buildSettings = {
				ALWAYS_SEARCH_USER_PATHS = NO;
				ASSETCATALOG_COMPILER_GENERATE_SWIFT_ASSET_SYMBOL_EXTENSIONS = YES;
				CLANG_ANALYZER_NONNULL = YES;
				CLANG_ANALYZER_NUMBER_OBJECT_CONVERSION = YES_AGGRESSIVE;
				CLANG_CXX_LANGUAGE_STANDARD = "gnu++20";
				CLANG_ENABLE_MODULES = YES;
				CLANG_ENABLE_OBJC_ARC = YES;
				CLANG_ENABLE_OBJC_WEAK = YES;
				CLANG_WARN_BLOCK_CAPTURE_AUTORELEASING = YES;
				CLANG_WARN_BOOL_CONVERSION = YES;
				CLANG_WARN_COMMA = YES;
				CLANG_WARN_CONSTANT_CONVERSION = YES;
				CLANG_WARN_DEPRECATED_OBJC_IMPLEMENTATIONS = YES;
				CLANG_WARN_DIRECT_OBJC_ISA_USAGE = YES_ERROR;
				CLANG_WARN_DOCUMENTATION_COMMENTS = YES;
				CLANG_WARN_EMPTY_BODY = YES;
				CLANG_WARN_ENUM_CONVERSION = YES;
				CLANG_WARN_INFINITE_RECURSION = YES;
				CLANG_WARN_INT_CONVERSION = YES;
				CLANG_WARN_NON_LITERAL_NULL_CONVERSION = YES;
				CLANG_WARN_OBJC_IMPLICIT_RETAIN_SELF = YES;
				CLANG_WARN_OBJC_LITERAL_CONVERSION = YES;
				CLANG_WARN_OBJC_ROOT_CLASS = YES_ERROR;
				CLANG_WARN_QUOTED_INCLUDE_IN_FRAMEWORK_HEADER = YES;
				CLANG_WARN_RANGE_LOOP_ANALYSIS = YES;
				CLANG_WARN_STRICT_PROTOTYPES = YES;
				CLANG_WARN_SUSPICIOUS_MOVE = YES;
				CLANG_WARN_UNGUARDED_AVAILABILITY = YES_AGGRESSIVE;
				CLANG_WARN_UNREACHABLE_CODE = YES;
				CLANG_WARN__DUPLICATE_METHOD_MATCH = YES;
				COPY_PHASE_STRIP = NO;
				DEBUG_INFORMATION_FORMAT = "dwarf-with-dsym";
				ENABLE_NS_ASSERTIONS = NO;
				ENABLE_STRICT_OBJC_MSGSEND = YES;
				ENABLE_USER_SCRIPT_SANDBOXING = YES;
				GCC_C_LANGUAGE_STANDARD = gnu17;
				GCC_NO_COMMON_BLOCKS = YES;
				GCC_WARN_64_TO_32_BIT_CONVERSION = YES;
				GCC_WARN_ABOUT_RETURN_TYPE = YES_ERROR;
				GCC_WARN_UNDECLARED_SELECTOR = YES;
				GCC_WARN_UNINITIALIZED_AUTOS = YES_AGGRESSIVE;
				GCC_WARN_UNUSED_FUNCTION = YES;
				GCC_WARN_UNUSED_VARIABLE = YES;
				IPHONEOS_DEPLOYMENT_TARGET = 17.4;
				LOCALIZATION_PREFERS_STRING_CATALOGS = YES;
				MTL_ENABLE_DEBUG_INFO = NO;
				MTL_FAST_MATH = YES;
				SDKROOT = iphoneos;
				SWIFT_COMPILATION_MODE = wholemodule;
				VALIDATE_PRODUCT = YES;
			};
			name = Release;
		};
		401A85372BF860A6007139D8 /* Debug */ = {
			isa = XCBuildConfiguration;
			buildSettings = {
				ASSETCATALOG_COMPILER_APPICON_NAME = AppIcon;
				ASSETCATALOG_COMPILER_GLOBAL_ACCENT_COLOR_NAME = AccentColor;
				CODE_SIGN_STYLE = Automatic;
				CURRENT_PROJECT_VERSION = 1;
				DEVELOPMENT_TEAM = M9MT23QW7V;
				GENERATE_INFOPLIST_FILE = YES;
				INFOPLIST_FILE = WhatFlowerScannerMk3/Info.plist;
				INFOPLIST_KEY_UIApplicationSupportsIndirectInputEvents = YES;
				INFOPLIST_KEY_UILaunchStoryboardName = LaunchScreen;
				INFOPLIST_KEY_UIMainStoryboardFile = Main;
				INFOPLIST_KEY_UISupportedInterfaceOrientations_iPad = "UIInterfaceOrientationPortrait UIInterfaceOrientationPortraitUpsideDown UIInterfaceOrientationLandscapeLeft UIInterfaceOrientationLandscapeRight";
				INFOPLIST_KEY_UISupportedInterfaceOrientations_iPhone = "UIInterfaceOrientationPortrait UIInterfaceOrientationLandscapeLeft UIInterfaceOrientationLandscapeRight";
				LD_RUNPATH_SEARCH_PATHS = (
					"$(inherited)",
					"@executable_path/Frameworks",
				);
				MARKETING_VERSION = 1.0;
				PRODUCT_BUNDLE_IDENTIFIER = noahpope.WhatFlowerScannerMk3;
				PRODUCT_NAME = "$(TARGET_NAME)";
				SWIFT_EMIT_LOC_STRINGS = YES;
				SWIFT_VERSION = 5.0;
				TARGETED_DEVICE_FAMILY = "1,2";
			};
			name = Debug;
		};
		401A85382BF860A6007139D8 /* Release */ = {
			isa = XCBuildConfiguration;
			buildSettings = {
				ASSETCATALOG_COMPILER_APPICON_NAME = AppIcon;
				ASSETCATALOG_COMPILER_GLOBAL_ACCENT_COLOR_NAME = AccentColor;
				CODE_SIGN_STYLE = Automatic;
				CURRENT_PROJECT_VERSION = 1;
				DEVELOPMENT_TEAM = M9MT23QW7V;
				GENERATE_INFOPLIST_FILE = YES;
				INFOPLIST_FILE = WhatFlowerScannerMk3/Info.plist;
				INFOPLIST_KEY_UIApplicationSupportsIndirectInputEvents = YES;
				INFOPLIST_KEY_UILaunchStoryboardName = LaunchScreen;
				INFOPLIST_KEY_UIMainStoryboardFile = Main;
				INFOPLIST_KEY_UISupportedInterfaceOrientations_iPad = "UIInterfaceOrientationPortrait UIInterfaceOrientationPortraitUpsideDown UIInterfaceOrientationLandscapeLeft UIInterfaceOrientationLandscapeRight";
				INFOPLIST_KEY_UISupportedInterfaceOrientations_iPhone = "UIInterfaceOrientationPortrait UIInterfaceOrientationLandscapeLeft UIInterfaceOrientationLandscapeRight";
				LD_RUNPATH_SEARCH_PATHS = (
					"$(inherited)",
					"@executable_path/Frameworks",
				);
				MARKETING_VERSION = 1.0;
				PRODUCT_BUNDLE_IDENTIFIER = noahpope.WhatFlowerScannerMk3;
				PRODUCT_NAME = "$(TARGET_NAME)";
				SWIFT_EMIT_LOC_STRINGS = YES;
				SWIFT_VERSION = 5.0;
				TARGETED_DEVICE_FAMILY = "1,2";
			};
			name = Release;
		};
		401A853A2BF860A6007139D8 /* Debug */ = {
			isa = XCBuildConfiguration;
			buildSettings = {
				ALWAYS_EMBED_SWIFT_STANDARD_LIBRARIES = YES;
				BUNDLE_LOADER = "$(TEST_HOST)";
				CODE_SIGN_STYLE = Automatic;
				CURRENT_PROJECT_VERSION = 1;
				DEVELOPMENT_TEAM = M9MT23QW7V;
				GENERATE_INFOPLIST_FILE = YES;
				IPHONEOS_DEPLOYMENT_TARGET = 17.4;
				MARKETING_VERSION = 1.0;
				PRODUCT_BUNDLE_IDENTIFIER = noahpope.WhatFlowerScannerMk3Tests;
				PRODUCT_NAME = "$(TARGET_NAME)";
				SWIFT_EMIT_LOC_STRINGS = NO;
				SWIFT_VERSION = 5.0;
				TARGETED_DEVICE_FAMILY = "1,2";
				TEST_HOST = "$(BUILT_PRODUCTS_DIR)/WhatFlowerScannerMk3.app/$(BUNDLE_EXECUTABLE_FOLDER_PATH)/WhatFlowerScannerMk3";
			};
			name = Debug;
		};
		401A853B2BF860A6007139D8 /* Release */ = {
			isa = XCBuildConfiguration;
			buildSettings = {
				ALWAYS_EMBED_SWIFT_STANDARD_LIBRARIES = YES;
				BUNDLE_LOADER = "$(TEST_HOST)";
				CODE_SIGN_STYLE = Automatic;
				CURRENT_PROJECT_VERSION = 1;
				DEVELOPMENT_TEAM = M9MT23QW7V;
				GENERATE_INFOPLIST_FILE = YES;
				IPHONEOS_DEPLOYMENT_TARGET = 17.4;
				MARKETING_VERSION = 1.0;
				PRODUCT_BUNDLE_IDENTIFIER = noahpope.WhatFlowerScannerMk3Tests;
				PRODUCT_NAME = "$(TARGET_NAME)";
				SWIFT_EMIT_LOC_STRINGS = NO;
				SWIFT_VERSION = 5.0;
				TARGETED_DEVICE_FAMILY = "1,2";
				TEST_HOST = "$(BUILT_PRODUCTS_DIR)/WhatFlowerScannerMk3.app/$(BUNDLE_EXECUTABLE_FOLDER_PATH)/WhatFlowerScannerMk3";
			};
			name = Release;
		};
		401A853D2BF860A6007139D8 /* Debug */ = {
			isa = XCBuildConfiguration;
			buildSettings = {
				ALWAYS_EMBED_SWIFT_STANDARD_LIBRARIES = YES;
				CODE_SIGN_STYLE = Automatic;
				CURRENT_PROJECT_VERSION = 1;
				DEVELOPMENT_TEAM = M9MT23QW7V;
				GENERATE_INFOPLIST_FILE = YES;
				MARKETING_VERSION = 1.0;
				PRODUCT_BUNDLE_IDENTIFIER = noahpope.WhatFlowerScannerMk3UITests;
				PRODUCT_NAME = "$(TARGET_NAME)";
				SWIFT_EMIT_LOC_STRINGS = NO;
				SWIFT_VERSION = 5.0;
				TARGETED_DEVICE_FAMILY = "1,2";
				TEST_TARGET_NAME = WhatFlowerScannerMk3;
			};
			name = Debug;
		};
		401A853E2BF860A6007139D8 /* Release */ = {
			isa = XCBuildConfiguration;
			buildSettings = {
				ALWAYS_EMBED_SWIFT_STANDARD_LIBRARIES = YES;
				CODE_SIGN_STYLE = Automatic;
				CURRENT_PROJECT_VERSION = 1;
				DEVELOPMENT_TEAM = M9MT23QW7V;
				GENERATE_INFOPLIST_FILE = YES;
				MARKETING_VERSION = 1.0;
				PRODUCT_BUNDLE_IDENTIFIER = noahpope.WhatFlowerScannerMk3UITests;
				PRODUCT_NAME = "$(TARGET_NAME)";
				SWIFT_EMIT_LOC_STRINGS = NO;
				SWIFT_VERSION = 5.0;
				TARGETED_DEVICE_FAMILY = "1,2";
				TEST_TARGET_NAME = WhatFlowerScannerMk3;
			};
			name = Release;
		};
/* End XCBuildConfiguration section */

/* Begin XCConfigurationList section */
		401A85042BF8609F007139D8 /* Build configuration list for PBXProject "WhatFlowerScannerMk3" */ = {
			isa = XCConfigurationList;
			buildConfigurations = (
				401A85342BF860A6007139D8 /* Debug */,
				401A85352BF860A6007139D8 /* Release */,
			);
			defaultConfigurationIsVisible = 0;
			defaultConfigurationName = Release;
		};
		401A85362BF860A6007139D8 /* Build configuration list for PBXNativeTarget "WhatFlowerScannerMk3" */ = {
			isa = XCConfigurationList;
			buildConfigurations = (
				401A85372BF860A6007139D8 /* Debug */,
				401A85382BF860A6007139D8 /* Release */,
			);
			defaultConfigurationIsVisible = 0;
			defaultConfigurationName = Release;
		};
		401A85392BF860A6007139D8 /* Build configuration list for PBXNativeTarget "WhatFlowerScannerMk3Tests" */ = {
			isa = XCConfigurationList;
			buildConfigurations = (
				401A853A2BF860A6007139D8 /* Debug */,
				401A853B2BF860A6007139D8 /* Release */,
			);
			defaultConfigurationIsVisible = 0;
			defaultConfigurationName = Release;
		};
		401A853C2BF860A6007139D8 /* Build configuration list for PBXNativeTarget "WhatFlowerScannerMk3UITests" */ = {
			isa = XCConfigurationList;
			buildConfigurations = (
				401A853D2BF860A6007139D8 /* Debug */,
				401A853E2BF860A6007139D8 /* Release */,
			);
			defaultConfigurationIsVisible = 0;
			defaultConfigurationName = Release;
		};
/* End XCConfigurationList section */

/* Begin XCVersionGroup section */
		401A85152BF860A0007139D8 /* WhatFlowerScannerMk3.xcdatamodeld */ = {
			isa = XCVersionGroup;
			children = (
				401A85162BF860A0007139D8 /* WhatFlowerScannerMk3.xcdatamodel */,
			);
			currentVersion = 401A85162BF860A0007139D8 /* WhatFlowerScannerMk3.xcdatamodel */;
			path = WhatFlowerScannerMk3.xcdatamodeld;
			sourceTree = "<group>";
			versionGroupType = wrapper.xcdatamodel;
		};
/* End XCVersionGroup section */
	};
	rootObject = 401A85012BF8609F007139D8 /* Project object */;
}
